
Microsoft Visual Studio Solution File, Format Version 12.00
# Visual Studio 2012
Project("{FAE04EC0-301F-11D3-BF4B-00C04F79EFBC}") = "Kinfar.Frame.Web", "Kinfar.Frame.Web.csproj", "{64BF5C5F-FE1B-42D5-8255-DC6F41242D9F}"
EndProject
Global
	GlobalSection(SolutionConfigurationPlatforms) = preSolution
		Debug|Any CPU = Debug|Any CPU
		Release|Any CPU = Release|Any CPU
	EndGlobalSection
	GlobalSection(ProjectConfigurationPlatforms) = postSolution
		{64BF5C5F-FE1B-42D5-8255-DC6F41242D9F}.Debug|Any CPU.ActiveCfg = Debug|Any CPU
		{64BF5C5F-FE1B-42D5-8255-DC6F41242D9F}.Debug|Any CPU.Build.0 = Debug|Any CPU
		{64BF5C5F-FE1B-42D5-8255-DC6F41242D9F}.Release|Any CPU.ActiveCfg = Release|Any CPU
		{64BF5C5F-FE1B-42D5-8255-DC6F41242D9F}.Release|Any CPU.Build.0 = Release|Any CPU
	EndGlobalSection
	GlobalSection(SolutionProperties) = preSolution
		HideSolutionNode = FALSE
	EndGlobalSection
EndGlobal
