
Microsoft Visual Studio Solution File, Format Version 12.00
# Visual Studio 2010
Project("{2150E333-8FDC-42A3-9474-1A3956D46DE8}") = "07_Orm", "07_Orm", "{082EE397-4463-48B5-AAF8-752679ED1415}"
EndProject
Project("{2150E333-8FDC-42A3-9474-1A3956D46DE8}") = "00_Common", "00_Common", "{A0F3DF4E-69CD-4D4B-AFBA-EC0CAD5B08AA}"
EndProject
Project("{2150E333-8FDC-42A3-9474-1A3956D46DE8}") = "04_DAL", "04_DAL", "{967FE9DA-5B47-4A42-AFDC-8EE383EB33BF}"
EndProject
Project("{2150E333-8FDC-42A3-9474-1A3956D46DE8}") = "03_BLL", "03_BLL", "{5FE0BF33-7359-4158-AE8F-BC518AD4F8D7}"
EndProject
Project("{2150E333-8FDC-42A3-9474-1A3956D46DE8}") = "06_Cache", "06_Cache", "{606A1CC8-0DFB-4E5A-BDDB-E4C62F54611B}"
EndProject
Project("{2150E333-8FDC-42A3-9474-1A3956D46DE8}") = "02_Operate", "02_Operate", "{D4E8B5B4-E905-4ED6-A7DC-6FC8E9143CD8}"
EndProject
Project("{2150E333-8FDC-42A3-9474-1A3956D46DE8}") = "05_Model", "05_Model", "{C1DCF24C-9CAE-4EBC-8DAD-479B47836E03}"
EndProject
Project("{2150E333-8FDC-42A3-9474-1A3956D46DE8}") = "01_UI", "01_UI", "{70178E9B-1F4D-4228-A95C-12774E7059DF}"
EndProject
Project("{2150E333-8FDC-42A3-9474-1A3956D46DE8}") = "08_OutSide", "08_OutSide", "{B3FC9104-56ED-423B-8713-87FCB4175FE4}"
EndProject
Project("{2150E333-8FDC-42A3-9474-1A3956D46DE8}") = "09_IM", "09_IM", "{6249F60F-5524-49EB-97D8-074BE4FE7F02}"
EndProject
Project("{FAE04EC0-301F-11D3-BF4B-00C04F79EFBC}") = "Kinfar.Frame.Common", "Kinfar.Frame.Common\Kinfar.Frame.Common.csproj", "{B6A7B291-9F23-40D2-8DC4-3A63F35F0EB0}"
EndProject
Project("{FAE04EC0-301F-11D3-BF4B-00C04F79EFBC}") = "Kinfar.Frame.Controllers", "Kinfar.Frame.Controllers\Kinfar.Frame.Controllers.csproj", "{D7921231-B897-4A94-8C70-0B0E66B3C09E}"
EndProject
Project("{FAE04EC0-301F-11D3-BF4B-00C04F79EFBC}") = "Kinfar.Frame.UIOperate", "Kinfar.Frame.UIOperate\Kinfar.Frame.UIOperate.csproj", "{1DBC040B-98DF-4B27-8DDC-3847BDE3C391}"
EndProject
Project("{FAE04EC0-301F-11D3-BF4B-00C04F79EFBC}") = "Kinfar.Frame.Base", "Kinfar.Frame.Base\Kinfar.Frame.Base.csproj", "{628FF3D3-B976-4EAC-90E8-A19DD338613E}"
EndProject
Project("{FAE04EC0-301F-11D3-BF4B-00C04F79EFBC}") = "Kinfar.Frame.Operate.Base", "Kinfar.Frame.Operate.Base\Kinfar.Frame.Operate.Base.csproj", "{96D1A48C-8711-4AC8-BF63-0023B711AC21}"
EndProject
Project("{FAE04EC0-301F-11D3-BF4B-00C04F79EFBC}") = "Kinfar.Frame.BLL", "Kinfar.Frame.BLL\Kinfar.Frame.BLL.csproj", "{EC73C2AA-2D9C-4CD9-87DD-D988D151C450}"
EndProject
Project("{FAE04EC0-301F-11D3-BF4B-00C04F79EFBC}") = "Kinfar.Frame.Bridge", "Kinfar.Frame.Bridge\Kinfar.Frame.Bridge.csproj", "{A1016C83-7FBF-4FBF-A658-AEC6EAE80E93}"
EndProject
Project("{FAE04EC0-301F-11D3-BF4B-00C04F79EFBC}") = "Kinfar.Frame.IBLL", "Kinfar.Frame.IBLL\Kinfar.Frame.IBLL.csproj", "{859BD5F7-21CE-481B-A34B-7DDC8497EACC}"
EndProject
Project("{FAE04EC0-301F-11D3-BF4B-00C04F79EFBC}") = "Kinfar.Frame.DAL", "Kinfar.Frame.DAL\Kinfar.Frame.DAL.csproj", "{C4D1F310-29B2-4019-9C4F-C9C587A99279}"
EndProject
Project("{FAE04EC0-301F-11D3-BF4B-00C04F79EFBC}") = "Kinfar.Frame.DALFactory", "Kinfar.Frame.DALFactory\Kinfar.Frame.DALFactory.csproj", "{1DFE7B77-5BDA-4879-BC74-25EE99E61D37}"
EndProject
Project("{FAE04EC0-301F-11D3-BF4B-00C04F79EFBC}") = "Kinfar.Frame.IDAL", "Kinfar.Frame.IDAL\Kinfar.Frame.IDAL.csproj", "{A8744779-B3CE-49F0-95AF-2906BD9891FF}"
EndProject
Project("{FAE04EC0-301F-11D3-BF4B-00C04F79EFBC}") = "Kinfar.Frame.EntityBase", "Kinfar.Frame.EntityBase\Kinfar.Frame.EntityBase.csproj", "{CA335D51-BCD7-4D88-8016-57DEA03FC6C1}"
EndProject
Project("{FAE04EC0-301F-11D3-BF4B-00C04F79EFBC}") = "Kinfar.Frame.Model", "Kinfar.Frame.Model\Kinfar.Frame.Model.csproj", "{C49902E4-7448-45FF-B336-A590E80BCCFA}"
EndProject
Project("{FAE04EC0-301F-11D3-BF4B-00C04F79EFBC}") = "Kinfar.Frame.ModelValidator", "Kinfar.Frame.ModelValidator\Kinfar.Frame.ModelValidator.csproj", "{DF86D569-7601-4F38-9C8E-6B22DFF0CD9B}"
EndProject
Project("{FAE04EC0-301F-11D3-BF4B-00C04F79EFBC}") = "Kinfar.Frame.Cache.Factory", "Kinfar.Frame.Cache.Factory\Kinfar.Frame.Cache.Factory.csproj", "{27F90856-0ADE-4E6F-AC0A-94EB3BE7C0DD}"
EndProject
Project("{FAE04EC0-301F-11D3-BF4B-00C04F79EFBC}") = "Kinfar.Frame.Cache.Memcached", "Kinfar.Frame.Cache.Memcached\Kinfar.Frame.Cache.Memcached.csproj", "{803AAC10-494C-4609-868A-6A9CB4BD49D4}"
EndProject
Project("{FAE04EC0-301F-11D3-BF4B-00C04F79EFBC}") = "Kinfar.Frame.Orm.Base", "Kinfar.Frame.Orm.Base\Kinfar.Frame.Orm.Base.csproj", "{6A833954-44BB-4916-A0C0-8CF313CEB98A}"
EndProject
Project("{FAE04EC0-301F-11D3-BF4B-00C04F79EFBC}") = "Kinfar.Frame.Orm.MySql", "Kinfar.Frame.Orm.MySql\Kinfar.Frame.Orm.MySql.csproj", "{219A8D42-970A-4BDA-AB0A-E9F1A7F0E62A}"
EndProject
Project("{FAE04EC0-301F-11D3-BF4B-00C04F79EFBC}") = "Kinfar.Frame.Orm.Oracle", "Kinfar.Frame.Orm.Oracle\Kinfar.Frame.Orm.Oracle.csproj", "{1F32FCF0-CE47-4640-8852-05FA6231E22C}"
EndProject
Project("{FAE04EC0-301F-11D3-BF4B-00C04F79EFBC}") = "Kinfar.Frame.Orm.SqlServer", "Kinfar.Frame.Orm.SqlServer\Kinfar.Frame.Orm.SqlServer.csproj", "{1887DC99-9139-43E3-A7AA-6D74714B3A5D}"
EndProject
Project("{FAE04EC0-301F-11D3-BF4B-00C04F79EFBC}") = "Kinfar.Frame.AutoProcess", "Kinfar.Frame.AutoProcess\Kinfar.Frame.AutoProcess.csproj", "{EDA54753-62E3-4722-A28E-201F1CCE3F33}"
EndProject
Project("{FAE04EC0-301F-11D3-BF4B-00C04F79EFBC}") = "Kinfar.Frame.Email", "Kinfar.Frame.Email\Kinfar.Frame.Email.csproj", "{A6AB5F5E-55D1-467E-90EB-60464BB19B42}"
EndProject
Project("{FAE04EC0-301F-11D3-BF4B-00C04F79EFBC}") = "Kinfar.Frame.Office", "Kinfar.Frame.Office\Kinfar.Frame.Office.csproj", "{BAE9A2EA-EEE9-409E-A939-3673A5375677}"
EndProject
Project("{FAE04EC0-301F-11D3-BF4B-00C04F79EFBC}") = "Kinfar.Frame.IMClient", "Kinfar.Frame.IMClient\Kinfar.Frame.IMClient.csproj", "{4123FD45-3A87-4077-8C4F-F3247E6F1492}"
EndProject
Project("{FAE04EC0-301F-11D3-BF4B-00C04F79EFBC}") = "Kinfar.Frame.IMCore", "Kinfar.Frame.IMCore\Kinfar.Frame.IMCore.csproj", "{2C972C6A-C902-4D86-A83A-6CEA3EA4CD92}"
EndProject
Project("{FAE04EC0-301F-11D3-BF4B-00C04F79EFBC}") = "Kinfar.Frame.IMOperate", "Kinfar.Frame.IMOperate\Kinfar.Frame.IMOperate.csproj", "{080BA1D2-3EE8-4528-8622-724A9BE504CB}"
EndProject
Project("{FAE04EC0-301F-11D3-BF4B-00C04F79EFBC}") = "Kinfar.Frame.IMWeb", "Kinfar.Frame.IMWeb\Kinfar.Frame.IMWeb.csproj", "{79C9D775-3881-42D6-A5C2-03E423B08B99}"
EndProject
Project("{FAE04EC0-301F-11D3-BF4B-00C04F79EFBC}") = "Kinfar.Frame.Web", "Kinfar.Frame.Web\Kinfar.Frame.Web.csproj", "{64BF5C5F-FE1B-42D5-8255-DC6F41242D9F}"
EndProject
Project("{2150E333-8FDC-42A3-9474-1A3956D46DE8}") = "99_Doc", "99_Doc", "{3C3352E2-62D9-422F-B637-BAC52C260AA4}"
	ProjectSection(SolutionItems) = preProject
		框架功能描述.txt = 框架功能描述.txt
		注意事项.txt = 注意事项.txt
		源码使用协议.txt = 源码使用协议.txt
		项目使用说明.docx = 项目使用说明.docx
	EndProjectSection
EndProject
Global
	GlobalSection(SubversionScc) = preSolution
		Svn-Managed = True
		Manager = AnkhSVN - Subversion Support for Visual Studio
	EndGlobalSection
	GlobalSection(SolutionConfigurationPlatforms) = preSolution
		Debug|Any CPU = Debug|Any CPU
		Release|Any CPU = Release|Any CPU
		Signed|Any CPU = Signed|Any CPU
	EndGlobalSection
	GlobalSection(ProjectConfigurationPlatforms) = postSolution
		{B6A7B291-9F23-40D2-8DC4-3A63F35F0EB0}.Debug|Any CPU.ActiveCfg = Debug|Any CPU
		{B6A7B291-9F23-40D2-8DC4-3A63F35F0EB0}.Debug|Any CPU.Build.0 = Debug|Any CPU
		{B6A7B291-9F23-40D2-8DC4-3A63F35F0EB0}.Release|Any CPU.ActiveCfg = Release|Any CPU
		{B6A7B291-9F23-40D2-8DC4-3A63F35F0EB0}.Release|Any CPU.Build.0 = Release|Any CPU
		{B6A7B291-9F23-40D2-8DC4-3A63F35F0EB0}.Signed|Any CPU.ActiveCfg = Release|Any CPU
		{B6A7B291-9F23-40D2-8DC4-3A63F35F0EB0}.Signed|Any CPU.Build.0 = Release|Any CPU
		{D7921231-B897-4A94-8C70-0B0E66B3C09E}.Debug|Any CPU.ActiveCfg = Debug|Any CPU
		{D7921231-B897-4A94-8C70-0B0E66B3C09E}.Debug|Any CPU.Build.0 = Debug|Any CPU
		{D7921231-B897-4A94-8C70-0B0E66B3C09E}.Release|Any CPU.ActiveCfg = Release|Any CPU
		{D7921231-B897-4A94-8C70-0B0E66B3C09E}.Release|Any CPU.Build.0 = Release|Any CPU
		{D7921231-B897-4A94-8C70-0B0E66B3C09E}.Signed|Any CPU.ActiveCfg = Release|Any CPU
		{D7921231-B897-4A94-8C70-0B0E66B3C09E}.Signed|Any CPU.Build.0 = Release|Any CPU
		{1DBC040B-98DF-4B27-8DDC-3847BDE3C391}.Debug|Any CPU.ActiveCfg = Debug|Any CPU
		{1DBC040B-98DF-4B27-8DDC-3847BDE3C391}.Debug|Any CPU.Build.0 = Debug|Any CPU
		{1DBC040B-98DF-4B27-8DDC-3847BDE3C391}.Release|Any CPU.ActiveCfg = Release|Any CPU
		{1DBC040B-98DF-4B27-8DDC-3847BDE3C391}.Release|Any CPU.Build.0 = Release|Any CPU
		{1DBC040B-98DF-4B27-8DDC-3847BDE3C391}.Signed|Any CPU.ActiveCfg = Release|Any CPU
		{1DBC040B-98DF-4B27-8DDC-3847BDE3C391}.Signed|Any CPU.Build.0 = Release|Any CPU
		{628FF3D3-B976-4EAC-90E8-A19DD338613E}.Debug|Any CPU.ActiveCfg = Debug|Any CPU
		{628FF3D3-B976-4EAC-90E8-A19DD338613E}.Debug|Any CPU.Build.0 = Debug|Any CPU
		{628FF3D3-B976-4EAC-90E8-A19DD338613E}.Release|Any CPU.ActiveCfg = Release|Any CPU
		{628FF3D3-B976-4EAC-90E8-A19DD338613E}.Release|Any CPU.Build.0 = Release|Any CPU
		{628FF3D3-B976-4EAC-90E8-A19DD338613E}.Signed|Any CPU.ActiveCfg = Release|Any CPU
		{628FF3D3-B976-4EAC-90E8-A19DD338613E}.Signed|Any CPU.Build.0 = Release|Any CPU
		{96D1A48C-8711-4AC8-BF63-0023B711AC21}.Debug|Any CPU.ActiveCfg = Debug|Any CPU
		{96D1A48C-8711-4AC8-BF63-0023B711AC21}.Debug|Any CPU.Build.0 = Debug|Any CPU
		{96D1A48C-8711-4AC8-BF63-0023B711AC21}.Release|Any CPU.ActiveCfg = Release|Any CPU
		{96D1A48C-8711-4AC8-BF63-0023B711AC21}.Release|Any CPU.Build.0 = Release|Any CPU
		{96D1A48C-8711-4AC8-BF63-0023B711AC21}.Signed|Any CPU.ActiveCfg = Release|Any CPU
		{96D1A48C-8711-4AC8-BF63-0023B711AC21}.Signed|Any CPU.Build.0 = Release|Any CPU
		{EC73C2AA-2D9C-4CD9-87DD-D988D151C450}.Debug|Any CPU.ActiveCfg = Debug|Any CPU
		{EC73C2AA-2D9C-4CD9-87DD-D988D151C450}.Debug|Any CPU.Build.0 = Debug|Any CPU
		{EC73C2AA-2D9C-4CD9-87DD-D988D151C450}.Release|Any CPU.ActiveCfg = Release|Any CPU
		{EC73C2AA-2D9C-4CD9-87DD-D988D151C450}.Release|Any CPU.Build.0 = Release|Any CPU
		{EC73C2AA-2D9C-4CD9-87DD-D988D151C450}.Signed|Any CPU.ActiveCfg = Release|Any CPU
		{EC73C2AA-2D9C-4CD9-87DD-D988D151C450}.Signed|Any CPU.Build.0 = Release|Any CPU
		{A1016C83-7FBF-4FBF-A658-AEC6EAE80E93}.Debug|Any CPU.ActiveCfg = Debug|Any CPU
		{A1016C83-7FBF-4FBF-A658-AEC6EAE80E93}.Debug|Any CPU.Build.0 = Debug|Any CPU
		{A1016C83-7FBF-4FBF-A658-AEC6EAE80E93}.Release|Any CPU.ActiveCfg = Release|Any CPU
		{A1016C83-7FBF-4FBF-A658-AEC6EAE80E93}.Release|Any CPU.Build.0 = Release|Any CPU
		{A1016C83-7FBF-4FBF-A658-AEC6EAE80E93}.Signed|Any CPU.ActiveCfg = Release|Any CPU
		{A1016C83-7FBF-4FBF-A658-AEC6EAE80E93}.Signed|Any CPU.Build.0 = Release|Any CPU
		{859BD5F7-21CE-481B-A34B-7DDC8497EACC}.Debug|Any CPU.ActiveCfg = Debug|Any CPU
		{859BD5F7-21CE-481B-A34B-7DDC8497EACC}.Debug|Any CPU.Build.0 = Debug|Any CPU
		{859BD5F7-21CE-481B-A34B-7DDC8497EACC}.Release|Any CPU.ActiveCfg = Release|Any CPU
		{859BD5F7-21CE-481B-A34B-7DDC8497EACC}.Release|Any CPU.Build.0 = Release|Any CPU
		{859BD5F7-21CE-481B-A34B-7DDC8497EACC}.Signed|Any CPU.ActiveCfg = Release|Any CPU
		{859BD5F7-21CE-481B-A34B-7DDC8497EACC}.Signed|Any CPU.Build.0 = Release|Any CPU
		{C4D1F310-29B2-4019-9C4F-C9C587A99279}.Debug|Any CPU.ActiveCfg = Debug|Any CPU
		{C4D1F310-29B2-4019-9C4F-C9C587A99279}.Debug|Any CPU.Build.0 = Debug|Any CPU
		{C4D1F310-29B2-4019-9C4F-C9C587A99279}.Release|Any CPU.ActiveCfg = Release|Any CPU
		{C4D1F310-29B2-4019-9C4F-C9C587A99279}.Release|Any CPU.Build.0 = Release|Any CPU
		{C4D1F310-29B2-4019-9C4F-C9C587A99279}.Signed|Any CPU.ActiveCfg = Release|Any CPU
		{C4D1F310-29B2-4019-9C4F-C9C587A99279}.Signed|Any CPU.Build.0 = Release|Any CPU
		{1DFE7B77-5BDA-4879-BC74-25EE99E61D37}.Debug|Any CPU.ActiveCfg = Debug|Any CPU
		{1DFE7B77-5BDA-4879-BC74-25EE99E61D37}.Debug|Any CPU.Build.0 = Debug|Any CPU
		{1DFE7B77-5BDA-4879-BC74-25EE99E61D37}.Release|Any CPU.ActiveCfg = Release|Any CPU
		{1DFE7B77-5BDA-4879-BC74-25EE99E61D37}.Release|Any CPU.Build.0 = Release|Any CPU
		{1DFE7B77-5BDA-4879-BC74-25EE99E61D37}.Signed|Any CPU.ActiveCfg = Release|Any CPU
		{1DFE7B77-5BDA-4879-BC74-25EE99E61D37}.Signed|Any CPU.Build.0 = Release|Any CPU
		{A8744779-B3CE-49F0-95AF-2906BD9891FF}.Debug|Any CPU.ActiveCfg = Debug|Any CPU
		{A8744779-B3CE-49F0-95AF-2906BD9891FF}.Debug|Any CPU.Build.0 = Debug|Any CPU
		{A8744779-B3CE-49F0-95AF-2906BD9891FF}.Release|Any CPU.ActiveCfg = Release|Any CPU
		{A8744779-B3CE-49F0-95AF-2906BD9891FF}.Release|Any CPU.Build.0 = Release|Any CPU
		{A8744779-B3CE-49F0-95AF-2906BD9891FF}.Signed|Any CPU.ActiveCfg = Release|Any CPU
		{A8744779-B3CE-49F0-95AF-2906BD9891FF}.Signed|Any CPU.Build.0 = Release|Any CPU
		{CA335D51-BCD7-4D88-8016-57DEA03FC6C1}.Debug|Any CPU.ActiveCfg = Debug|Any CPU
		{CA335D51-BCD7-4D88-8016-57DEA03FC6C1}.Debug|Any CPU.Build.0 = Debug|Any CPU
		{CA335D51-BCD7-4D88-8016-57DEA03FC6C1}.Release|Any CPU.ActiveCfg = Release|Any CPU
		{CA335D51-BCD7-4D88-8016-57DEA03FC6C1}.Release|Any CPU.Build.0 = Release|Any CPU
		{CA335D51-BCD7-4D88-8016-57DEA03FC6C1}.Signed|Any CPU.ActiveCfg = Release|Any CPU
		{CA335D51-BCD7-4D88-8016-57DEA03FC6C1}.Signed|Any CPU.Build.0 = Release|Any CPU
		{C49902E4-7448-45FF-B336-A590E80BCCFA}.Debug|Any CPU.ActiveCfg = Debug|Any CPU
		{C49902E4-7448-45FF-B336-A590E80BCCFA}.Debug|Any CPU.Build.0 = Debug|Any CPU
		{C49902E4-7448-45FF-B336-A590E80BCCFA}.Release|Any CPU.ActiveCfg = Release|Any CPU
		{C49902E4-7448-45FF-B336-A590E80BCCFA}.Release|Any CPU.Build.0 = Release|Any CPU
		{C49902E4-7448-45FF-B336-A590E80BCCFA}.Signed|Any CPU.ActiveCfg = Release|Any CPU
		{C49902E4-7448-45FF-B336-A590E80BCCFA}.Signed|Any CPU.Build.0 = Release|Any CPU
		{DF86D569-7601-4F38-9C8E-6B22DFF0CD9B}.Debug|Any CPU.ActiveCfg = Debug|Any CPU
		{DF86D569-7601-4F38-9C8E-6B22DFF0CD9B}.Debug|Any CPU.Build.0 = Debug|Any CPU
		{DF86D569-7601-4F38-9C8E-6B22DFF0CD9B}.Release|Any CPU.ActiveCfg = Release|Any CPU
		{DF86D569-7601-4F38-9C8E-6B22DFF0CD9B}.Release|Any CPU.Build.0 = Release|Any CPU
		{DF86D569-7601-4F38-9C8E-6B22DFF0CD9B}.Signed|Any CPU.ActiveCfg = Release|Any CPU
		{DF86D569-7601-4F38-9C8E-6B22DFF0CD9B}.Signed|Any CPU.Build.0 = Release|Any CPU
		{27F90856-0ADE-4E6F-AC0A-94EB3BE7C0DD}.Debug|Any CPU.ActiveCfg = Debug|Any CPU
		{27F90856-0ADE-4E6F-AC0A-94EB3BE7C0DD}.Debug|Any CPU.Build.0 = Debug|Any CPU
		{27F90856-0ADE-4E6F-AC0A-94EB3BE7C0DD}.Release|Any CPU.ActiveCfg = Release|Any CPU
		{27F90856-0ADE-4E6F-AC0A-94EB3BE7C0DD}.Release|Any CPU.Build.0 = Release|Any CPU
		{27F90856-0ADE-4E6F-AC0A-94EB3BE7C0DD}.Signed|Any CPU.ActiveCfg = Release|Any CPU
		{27F90856-0ADE-4E6F-AC0A-94EB3BE7C0DD}.Signed|Any CPU.Build.0 = Release|Any CPU
		{803AAC10-494C-4609-868A-6A9CB4BD49D4}.Debug|Any CPU.ActiveCfg = Debug|Any CPU
		{803AAC10-494C-4609-868A-6A9CB4BD49D4}.Debug|Any CPU.Build.0 = Debug|Any CPU
		{803AAC10-494C-4609-868A-6A9CB4BD49D4}.Release|Any CPU.ActiveCfg = Release|Any CPU
		{803AAC10-494C-4609-868A-6A9CB4BD49D4}.Release|Any CPU.Build.0 = Release|Any CPU
		{803AAC10-494C-4609-868A-6A9CB4BD49D4}.Signed|Any CPU.ActiveCfg = Release|Any CPU
		{803AAC10-494C-4609-868A-6A9CB4BD49D4}.Signed|Any CPU.Build.0 = Release|Any CPU
		{6A833954-44BB-4916-A0C0-8CF313CEB98A}.Debug|Any CPU.ActiveCfg = Debug|Any CPU
		{6A833954-44BB-4916-A0C0-8CF313CEB98A}.Debug|Any CPU.Build.0 = Debug|Any CPU
		{6A833954-44BB-4916-A0C0-8CF313CEB98A}.Release|Any CPU.ActiveCfg = Release|Any CPU
		{6A833954-44BB-4916-A0C0-8CF313CEB98A}.Release|Any CPU.Build.0 = Release|Any CPU
		{6A833954-44BB-4916-A0C0-8CF313CEB98A}.Signed|Any CPU.ActiveCfg = Release|Any CPU
		{6A833954-44BB-4916-A0C0-8CF313CEB98A}.Signed|Any CPU.Build.0 = Release|Any CPU
		{219A8D42-970A-4BDA-AB0A-E9F1A7F0E62A}.Debug|Any CPU.ActiveCfg = Debug|Any CPU
		{219A8D42-970A-4BDA-AB0A-E9F1A7F0E62A}.Debug|Any CPU.Build.0 = Debug|Any CPU
		{219A8D42-970A-4BDA-AB0A-E9F1A7F0E62A}.Release|Any CPU.ActiveCfg = Release|Any CPU
		{219A8D42-970A-4BDA-AB0A-E9F1A7F0E62A}.Release|Any CPU.Build.0 = Release|Any CPU
		{219A8D42-970A-4BDA-AB0A-E9F1A7F0E62A}.Signed|Any CPU.ActiveCfg = Release|Any CPU
		{219A8D42-970A-4BDA-AB0A-E9F1A7F0E62A}.Signed|Any CPU.Build.0 = Release|Any CPU
		{1F32FCF0-CE47-4640-8852-05FA6231E22C}.Debug|Any CPU.ActiveCfg = Debug|Any CPU
		{1F32FCF0-CE47-4640-8852-05FA6231E22C}.Debug|Any CPU.Build.0 = Debug|Any CPU
		{1F32FCF0-CE47-4640-8852-05FA6231E22C}.Release|Any CPU.ActiveCfg = Release|Any CPU
		{1F32FCF0-CE47-4640-8852-05FA6231E22C}.Release|Any CPU.Build.0 = Release|Any CPU
		{1F32FCF0-CE47-4640-8852-05FA6231E22C}.Signed|Any CPU.ActiveCfg = Release|Any CPU
		{1F32FCF0-CE47-4640-8852-05FA6231E22C}.Signed|Any CPU.Build.0 = Release|Any CPU
		{1887DC99-9139-43E3-A7AA-6D74714B3A5D}.Debug|Any CPU.ActiveCfg = Debug|Any CPU
		{1887DC99-9139-43E3-A7AA-6D74714B3A5D}.Debug|Any CPU.Build.0 = Debug|Any CPU
		{1887DC99-9139-43E3-A7AA-6D74714B3A5D}.Release|Any CPU.ActiveCfg = Release|Any CPU
		{1887DC99-9139-43E3-A7AA-6D74714B3A5D}.Release|Any CPU.Build.0 = Release|Any CPU
		{1887DC99-9139-43E3-A7AA-6D74714B3A5D}.Signed|Any CPU.ActiveCfg = Signed|Any CPU
		{1887DC99-9139-43E3-A7AA-6D74714B3A5D}.Signed|Any CPU.Build.0 = Signed|Any CPU
		{EDA54753-62E3-4722-A28E-201F1CCE3F33}.Debug|Any CPU.ActiveCfg = Debug|Any CPU
		{EDA54753-62E3-4722-A28E-201F1CCE3F33}.Debug|Any CPU.Build.0 = Debug|Any CPU
		{EDA54753-62E3-4722-A28E-201F1CCE3F33}.Release|Any CPU.ActiveCfg = Release|Any CPU
		{EDA54753-62E3-4722-A28E-201F1CCE3F33}.Release|Any CPU.Build.0 = Release|Any CPU
		{EDA54753-62E3-4722-A28E-201F1CCE3F33}.Signed|Any CPU.ActiveCfg = Release|Any CPU
		{EDA54753-62E3-4722-A28E-201F1CCE3F33}.Signed|Any CPU.Build.0 = Release|Any CPU
		{A6AB5F5E-55D1-467E-90EB-60464BB19B42}.Debug|Any CPU.ActiveCfg = Debug|Any CPU
		{A6AB5F5E-55D1-467E-90EB-60464BB19B42}.Debug|Any CPU.Build.0 = Debug|Any CPU
		{A6AB5F5E-55D1-467E-90EB-60464BB19B42}.Release|Any CPU.ActiveCfg = Release|Any CPU
		{A6AB5F5E-55D1-467E-90EB-60464BB19B42}.Release|Any CPU.Build.0 = Release|Any CPU
		{A6AB5F5E-55D1-467E-90EB-60464BB19B42}.Signed|Any CPU.ActiveCfg = Release|Any CPU
		{A6AB5F5E-55D1-467E-90EB-60464BB19B42}.Signed|Any CPU.Build.0 = Release|Any CPU
		{BAE9A2EA-EEE9-409E-A939-3673A5375677}.Debug|Any CPU.ActiveCfg = Debug|Any CPU
		{BAE9A2EA-EEE9-409E-A939-3673A5375677}.Debug|Any CPU.Build.0 = Debug|Any CPU
		{BAE9A2EA-EEE9-409E-A939-3673A5375677}.Release|Any CPU.ActiveCfg = Release|Any CPU
		{BAE9A2EA-EEE9-409E-A939-3673A5375677}.Release|Any CPU.Build.0 = Release|Any CPU
		{BAE9A2EA-EEE9-409E-A939-3673A5375677}.Signed|Any CPU.ActiveCfg = Release|Any CPU
		{BAE9A2EA-EEE9-409E-A939-3673A5375677}.Signed|Any CPU.Build.0 = Release|Any CPU
		{4123FD45-3A87-4077-8C4F-F3247E6F1492}.Debug|Any CPU.ActiveCfg = Debug|Any CPU
		{4123FD45-3A87-4077-8C4F-F3247E6F1492}.Debug|Any CPU.Build.0 = Debug|Any CPU
		{4123FD45-3A87-4077-8C4F-F3247E6F1492}.Release|Any CPU.ActiveCfg = Release|Any CPU
		{4123FD45-3A87-4077-8C4F-F3247E6F1492}.Release|Any CPU.Build.0 = Release|Any CPU
		{4123FD45-3A87-4077-8C4F-F3247E6F1492}.Signed|Any CPU.ActiveCfg = Release|Any CPU
		{4123FD45-3A87-4077-8C4F-F3247E6F1492}.Signed|Any CPU.Build.0 = Release|Any CPU
		{2C972C6A-C902-4D86-A83A-6CEA3EA4CD92}.Debug|Any CPU.ActiveCfg = Debug|Any CPU
		{2C972C6A-C902-4D86-A83A-6CEA3EA4CD92}.Debug|Any CPU.Build.0 = Debug|Any CPU
		{2C972C6A-C902-4D86-A83A-6CEA3EA4CD92}.Release|Any CPU.ActiveCfg = Release|Any CPU
		{2C972C6A-C902-4D86-A83A-6CEA3EA4CD92}.Release|Any CPU.Build.0 = Release|Any CPU
		{2C972C6A-C902-4D86-A83A-6CEA3EA4CD92}.Signed|Any CPU.ActiveCfg = Release|Any CPU
		{2C972C6A-C902-4D86-A83A-6CEA3EA4CD92}.Signed|Any CPU.Build.0 = Release|Any CPU
		{080BA1D2-3EE8-4528-8622-724A9BE504CB}.Debug|Any CPU.ActiveCfg = Debug|Any CPU
		{080BA1D2-3EE8-4528-8622-724A9BE504CB}.Debug|Any CPU.Build.0 = Debug|Any CPU
		{080BA1D2-3EE8-4528-8622-724A9BE504CB}.Release|Any CPU.ActiveCfg = Release|Any CPU
		{080BA1D2-3EE8-4528-8622-724A9BE504CB}.Release|Any CPU.Build.0 = Release|Any CPU
		{080BA1D2-3EE8-4528-8622-724A9BE504CB}.Signed|Any CPU.ActiveCfg = Release|Any CPU
		{080BA1D2-3EE8-4528-8622-724A9BE504CB}.Signed|Any CPU.Build.0 = Release|Any CPU
		{79C9D775-3881-42D6-A5C2-03E423B08B99}.Debug|Any CPU.ActiveCfg = Debug|Any CPU
		{79C9D775-3881-42D6-A5C2-03E423B08B99}.Debug|Any CPU.Build.0 = Debug|Any CPU
		{79C9D775-3881-42D6-A5C2-03E423B08B99}.Release|Any CPU.ActiveCfg = Release|Any CPU
		{79C9D775-3881-42D6-A5C2-03E423B08B99}.Release|Any CPU.Build.0 = Release|Any CPU
		{79C9D775-3881-42D6-A5C2-03E423B08B99}.Signed|Any CPU.ActiveCfg = Release|Any CPU
		{79C9D775-3881-42D6-A5C2-03E423B08B99}.Signed|Any CPU.Build.0 = Release|Any CPU
		{64BF5C5F-FE1B-42D5-8255-DC6F41242D9F}.Debug|Any CPU.ActiveCfg = Debug|Any CPU
		{64BF5C5F-FE1B-42D5-8255-DC6F41242D9F}.Debug|Any CPU.Build.0 = Debug|Any CPU
		{64BF5C5F-FE1B-42D5-8255-DC6F41242D9F}.Release|Any CPU.ActiveCfg = Release|Any CPU
		{64BF5C5F-FE1B-42D5-8255-DC6F41242D9F}.Release|Any CPU.Build.0 = Release|Any CPU
		{64BF5C5F-FE1B-42D5-8255-DC6F41242D9F}.Signed|Any CPU.ActiveCfg = Release|Any CPU
		{64BF5C5F-FE1B-42D5-8255-DC6F41242D9F}.Signed|Any CPU.Build.0 = Release|Any CPU
	EndGlobalSection
	GlobalSection(SolutionProperties) = preSolution
		HideSolutionNode = FALSE
	EndGlobalSection
	GlobalSection(NestedProjects) = preSolution
		{6A833954-44BB-4916-A0C0-8CF313CEB98A} = {082EE397-4463-48B5-AAF8-752679ED1415}
		{219A8D42-970A-4BDA-AB0A-E9F1A7F0E62A} = {082EE397-4463-48B5-AAF8-752679ED1415}
		{1F32FCF0-CE47-4640-8852-05FA6231E22C} = {082EE397-4463-48B5-AAF8-752679ED1415}
		{1887DC99-9139-43E3-A7AA-6D74714B3A5D} = {082EE397-4463-48B5-AAF8-752679ED1415}
		{B6A7B291-9F23-40D2-8DC4-3A63F35F0EB0} = {A0F3DF4E-69CD-4D4B-AFBA-EC0CAD5B08AA}
		{C4D1F310-29B2-4019-9C4F-C9C587A99279} = {967FE9DA-5B47-4A42-AFDC-8EE383EB33BF}
		{1DFE7B77-5BDA-4879-BC74-25EE99E61D37} = {967FE9DA-5B47-4A42-AFDC-8EE383EB33BF}
		{A8744779-B3CE-49F0-95AF-2906BD9891FF} = {967FE9DA-5B47-4A42-AFDC-8EE383EB33BF}
		{EC73C2AA-2D9C-4CD9-87DD-D988D151C450} = {5FE0BF33-7359-4158-AE8F-BC518AD4F8D7}
		{A1016C83-7FBF-4FBF-A658-AEC6EAE80E93} = {5FE0BF33-7359-4158-AE8F-BC518AD4F8D7}
		{859BD5F7-21CE-481B-A34B-7DDC8497EACC} = {5FE0BF33-7359-4158-AE8F-BC518AD4F8D7}
		{27F90856-0ADE-4E6F-AC0A-94EB3BE7C0DD} = {606A1CC8-0DFB-4E5A-BDDB-E4C62F54611B}
		{803AAC10-494C-4609-868A-6A9CB4BD49D4} = {606A1CC8-0DFB-4E5A-BDDB-E4C62F54611B}
		{628FF3D3-B976-4EAC-90E8-A19DD338613E} = {D4E8B5B4-E905-4ED6-A7DC-6FC8E9143CD8}
		{96D1A48C-8711-4AC8-BF63-0023B711AC21} = {D4E8B5B4-E905-4ED6-A7DC-6FC8E9143CD8}
		{CA335D51-BCD7-4D88-8016-57DEA03FC6C1} = {C1DCF24C-9CAE-4EBC-8DAD-479B47836E03}
		{C49902E4-7448-45FF-B336-A590E80BCCFA} = {C1DCF24C-9CAE-4EBC-8DAD-479B47836E03}
		{DF86D569-7601-4F38-9C8E-6B22DFF0CD9B} = {C1DCF24C-9CAE-4EBC-8DAD-479B47836E03}
		{D7921231-B897-4A94-8C70-0B0E66B3C09E} = {70178E9B-1F4D-4228-A95C-12774E7059DF}
		{1DBC040B-98DF-4B27-8DDC-3847BDE3C391} = {70178E9B-1F4D-4228-A95C-12774E7059DF}
		{EDA54753-62E3-4722-A28E-201F1CCE3F33} = {B3FC9104-56ED-423B-8713-87FCB4175FE4}
		{A6AB5F5E-55D1-467E-90EB-60464BB19B42} = {B3FC9104-56ED-423B-8713-87FCB4175FE4}
		{BAE9A2EA-EEE9-409E-A939-3673A5375677} = {B3FC9104-56ED-423B-8713-87FCB4175FE4}
		{4123FD45-3A87-4077-8C4F-F3247E6F1492} = {6249F60F-5524-49EB-97D8-074BE4FE7F02}
		{2C972C6A-C902-4D86-A83A-6CEA3EA4CD92} = {6249F60F-5524-49EB-97D8-074BE4FE7F02}
		{080BA1D2-3EE8-4528-8622-724A9BE504CB} = {6249F60F-5524-49EB-97D8-074BE4FE7F02}
		{79C9D775-3881-42D6-A5C2-03E423B08B99} = {6249F60F-5524-49EB-97D8-074BE4FE7F02}
	EndGlobalSection
EndGlobal
