
Microsoft Visual Studio Solution File, Format Version 12.00
# Visual Studio 2010
Project("{FAE04EC0-301F-11D3-BF4B-00C04F79EFBC}") = "DTcms.Model", "DTcms.Model\DTcms.Model.csproj", "{D67868C9-56B9-4E35-8E15-C105FC44CFB9}"
EndProject
Project("{FAE04EC0-301F-11D3-BF4B-00C04F79EFBC}") = "DTcms.DBUtility", "DTcms.DBUtility\DTcms.DBUtility.csproj", "{80541F63-161F-45CD-9710-CD1EA08F1D67}"
EndProject
Project("{FAE04EC0-301F-11D3-BF4B-00C04F79EFBC}") = "DTcms.Common", "DTcms.Common\DTcms.Common.csproj", "{6468CBF1-9D41-4231-8814-14491922FECC}"
EndProject
Project("{FAE04EC0-301F-11D3-BF4B-00C04F79EFBC}") = "DTcms.API", "DTcms.API\DTcms.API.csproj", "{6F974B43-717A-48F3-8EEE-54F5F66391E2}"
EndProject
Project("{FAE04EC0-301F-11D3-BF4B-00C04F79EFBC}") = "DTcms.BLL", "DTcms.BLL\DTcms.BLL.csproj", "{0484F2ED-8EF3-4C40-8B3A-FE52B5E71AC2}"
EndProject
Project("{FAE04EC0-301F-11D3-BF4B-00C04F79EFBC}") = "DTcms.DAL", "DTcms.DAL\DTcms.DAL.csproj", "{CE7D2820-3864-405C-BC07-73696661A311}"
EndProject
Project("{FAE04EC0-301F-11D3-BF4B-00C04F79EFBC}") = "DTcms.Web", "DTcms.Web\DTcms.Web.csproj", "{71ADD9EF-D3AF-4AFE-8427-D10A52BAAF90}"
EndProject
Project("{FAE04EC0-301F-11D3-BF4B-00C04F79EFBC}") = "DTcms.Web.UI", "DTcms.Web.UI\DTcms.Web.UI.csproj", "{58376273-DA57-4220-8935-6AF4D998C0F4}"
EndProject
Project("{FAE04EC0-301F-11D3-BF4B-00C04F79EFBC}") = "DTcms.Web.MVC.UI", "DTcms.Web.MVC.UI\DTcms.Web.MVC.UI.csproj", "{8811C896-2577-44B8-A4F5-BF5E05E69251}"
EndProject
Project("{FAE04EC0-301F-11D3-BF4B-00C04F79EFBC}") = "DTcms.Web.MVC", "DTcms.Web.MVC\DTcms.Web.MVC.csproj", "{70C2758A-8F45-48EF-BDF7-20B1C8F502F3}"
EndProject
Project("{FAE04EC0-301F-11D3-BF4B-00C04F79EFBC}") = "DTcms.Extension", "DTcms.Extension\DTcms.Extension.csproj", "{47E5DD03-442F-4134-8F54-289DB2A0244B}"
EndProject
Project("{2150E333-8FDC-42A3-9474-1A3956D46DE8}") = "DTcms", "DTcms", "{DFD15E93-1095-40B4-AC8D-14FBEF269EA6}"
EndProject
Project("{2150E333-8FDC-42A3-9474-1A3956D46DE8}") = "Plugins", "Plugins", "{23C15990-1273-41D6-89B4-43B764A38C6E}"
EndProject
Project("{FAE04EC0-301F-11D3-BF4B-00C04F79EFBC}") = "DTcms.Web.Mvc.Plugin.SiteBackup", "DTcms.Web.MVC\plugins\sitebackup\DTcms.Web.Mvc.Plugin.SiteBackup.csproj", "{C77D7436-1CBE-49FF-B8DA-5217041DB3DF}"
EndProject
Project("{FAE04EC0-301F-11D3-BF4B-00C04F79EFBC}") = "DTcms.Web.Mvc.Plugin.Feedback", "DTcms.Web.MVC\plugins\feedback\DTcms.Web.Mvc.Plugin.Feedback.csproj", "{77C03692-9A96-4A33-8E8A-E64057F6C9C3}"
EndProject
Project("{FAE04EC0-301F-11D3-BF4B-00C04F79EFBC}") = "DTcms.Web.Mvc.Plugin.Link", "DTcms.Web.MVC\plugins\link\DTcms.Web.Mvc.Plugin.Link.csproj", "{599330B9-082B-4355-8015-77FA8DF78FB1}"
EndProject
Project("{FAE04EC0-301F-11D3-BF4B-00C04F79EFBC}") = "DTcms.Web.Mvc.Plugin.KfCenter", "DTcms.Web.MVC\plugins\kfcenter\DTcms.Web.Mvc.Plugin.KfCenter.csproj", "{69DF50A6-9EEF-45A9-93B0-14F81A9315B1}"
EndProject
Global
	GlobalSection(SubversionScc) = preSolution
		Svn-Managed = True
		Manager = AnkhSVN - Subversion Support for Visual Studio
	EndGlobalSection
	GlobalSection(SolutionConfigurationPlatforms) = preSolution
		Debug|Any CPU = Debug|Any CPU
		Release|Any CPU = Release|Any CPU
	EndGlobalSection
	GlobalSection(ProjectConfigurationPlatforms) = postSolution
		{D67868C9-56B9-4E35-8E15-C105FC44CFB9}.Debug|Any CPU.ActiveCfg = Debug|Any CPU
		{D67868C9-56B9-4E35-8E15-C105FC44CFB9}.Debug|Any CPU.Build.0 = Debug|Any CPU
		{D67868C9-56B9-4E35-8E15-C105FC44CFB9}.Release|Any CPU.ActiveCfg = Release|Any CPU
		{D67868C9-56B9-4E35-8E15-C105FC44CFB9}.Release|Any CPU.Build.0 = Release|Any CPU
		{80541F63-161F-45CD-9710-CD1EA08F1D67}.Debug|Any CPU.ActiveCfg = Debug|Any CPU
		{80541F63-161F-45CD-9710-CD1EA08F1D67}.Debug|Any CPU.Build.0 = Debug|Any CPU
		{80541F63-161F-45CD-9710-CD1EA08F1D67}.Release|Any CPU.ActiveCfg = Release|Any CPU
		{80541F63-161F-45CD-9710-CD1EA08F1D67}.Release|Any CPU.Build.0 = Release|Any CPU
		{6468CBF1-9D41-4231-8814-14491922FECC}.Debug|Any CPU.ActiveCfg = Debug|Any CPU
		{6468CBF1-9D41-4231-8814-14491922FECC}.Debug|Any CPU.Build.0 = Debug|Any CPU
		{6468CBF1-9D41-4231-8814-14491922FECC}.Release|Any CPU.ActiveCfg = Release|Any CPU
		{6468CBF1-9D41-4231-8814-14491922FECC}.Release|Any CPU.Build.0 = Release|Any CPU
		{6F974B43-717A-48F3-8EEE-54F5F66391E2}.Debug|Any CPU.ActiveCfg = Debug|Any CPU
		{6F974B43-717A-48F3-8EEE-54F5F66391E2}.Debug|Any CPU.Build.0 = Debug|Any CPU
		{6F974B43-717A-48F3-8EEE-54F5F66391E2}.Release|Any CPU.ActiveCfg = Release|Any CPU
		{6F974B43-717A-48F3-8EEE-54F5F66391E2}.Release|Any CPU.Build.0 = Release|Any CPU
		{0484F2ED-8EF3-4C40-8B3A-FE52B5E71AC2}.Debug|Any CPU.ActiveCfg = Debug|Any CPU
		{0484F2ED-8EF3-4C40-8B3A-FE52B5E71AC2}.Debug|Any CPU.Build.0 = Debug|Any CPU
		{0484F2ED-8EF3-4C40-8B3A-FE52B5E71AC2}.Release|Any CPU.ActiveCfg = Release|Any CPU
		{0484F2ED-8EF3-4C40-8B3A-FE52B5E71AC2}.Release|Any CPU.Build.0 = Release|Any CPU
		{CE7D2820-3864-405C-BC07-73696661A311}.Debug|Any CPU.ActiveCfg = Debug|Any CPU
		{CE7D2820-3864-405C-BC07-73696661A311}.Debug|Any CPU.Build.0 = Debug|Any CPU
		{CE7D2820-3864-405C-BC07-73696661A311}.Release|Any CPU.ActiveCfg = Release|Any CPU
		{CE7D2820-3864-405C-BC07-73696661A311}.Release|Any CPU.Build.0 = Release|Any CPU
		{71ADD9EF-D3AF-4AFE-8427-D10A52BAAF90}.Debug|Any CPU.ActiveCfg = Debug|Any CPU
		{71ADD9EF-D3AF-4AFE-8427-D10A52BAAF90}.Debug|Any CPU.Build.0 = Debug|Any CPU
		{71ADD9EF-D3AF-4AFE-8427-D10A52BAAF90}.Release|Any CPU.ActiveCfg = Release|Any CPU
		{71ADD9EF-D3AF-4AFE-8427-D10A52BAAF90}.Release|Any CPU.Build.0 = Release|Any CPU
		{58376273-DA57-4220-8935-6AF4D998C0F4}.Debug|Any CPU.ActiveCfg = Debug|Any CPU
		{58376273-DA57-4220-8935-6AF4D998C0F4}.Debug|Any CPU.Build.0 = Debug|Any CPU
		{58376273-DA57-4220-8935-6AF4D998C0F4}.Release|Any CPU.ActiveCfg = Release|Any CPU
		{58376273-DA57-4220-8935-6AF4D998C0F4}.Release|Any CPU.Build.0 = Release|Any CPU
		{8811C896-2577-44B8-A4F5-BF5E05E69251}.Debug|Any CPU.ActiveCfg = Debug|Any CPU
		{8811C896-2577-44B8-A4F5-BF5E05E69251}.Debug|Any CPU.Build.0 = Debug|Any CPU
		{8811C896-2577-44B8-A4F5-BF5E05E69251}.Release|Any CPU.ActiveCfg = Release|Any CPU
		{8811C896-2577-44B8-A4F5-BF5E05E69251}.Release|Any CPU.Build.0 = Release|Any CPU
		{70C2758A-8F45-48EF-BDF7-20B1C8F502F3}.Debug|Any CPU.ActiveCfg = Debug|Any CPU
		{70C2758A-8F45-48EF-BDF7-20B1C8F502F3}.Debug|Any CPU.Build.0 = Debug|Any CPU
		{70C2758A-8F45-48EF-BDF7-20B1C8F502F3}.Release|Any CPU.ActiveCfg = Release|Any CPU
		{70C2758A-8F45-48EF-BDF7-20B1C8F502F3}.Release|Any CPU.Build.0 = Release|Any CPU
		{47E5DD03-442F-4134-8F54-289DB2A0244B}.Debug|Any CPU.ActiveCfg = Debug|Any CPU
		{47E5DD03-442F-4134-8F54-289DB2A0244B}.Debug|Any CPU.Build.0 = Debug|Any CPU
		{47E5DD03-442F-4134-8F54-289DB2A0244B}.Release|Any CPU.ActiveCfg = Release|Any CPU
		{47E5DD03-442F-4134-8F54-289DB2A0244B}.Release|Any CPU.Build.0 = Release|Any CPU
		{C77D7436-1CBE-49FF-B8DA-5217041DB3DF}.Debug|Any CPU.ActiveCfg = Debug|Any CPU
		{C77D7436-1CBE-49FF-B8DA-5217041DB3DF}.Debug|Any CPU.Build.0 = Debug|Any CPU
		{C77D7436-1CBE-49FF-B8DA-5217041DB3DF}.Release|Any CPU.ActiveCfg = Release|Any CPU
		{C77D7436-1CBE-49FF-B8DA-5217041DB3DF}.Release|Any CPU.Build.0 = Release|Any CPU
		{77C03692-9A96-4A33-8E8A-E64057F6C9C3}.Debug|Any CPU.ActiveCfg = Debug|Any CPU
		{77C03692-9A96-4A33-8E8A-E64057F6C9C3}.Debug|Any CPU.Build.0 = Debug|Any CPU
		{77C03692-9A96-4A33-8E8A-E64057F6C9C3}.Release|Any CPU.ActiveCfg = Release|Any CPU
		{77C03692-9A96-4A33-8E8A-E64057F6C9C3}.Release|Any CPU.Build.0 = Release|Any CPU
		{599330B9-082B-4355-8015-77FA8DF78FB1}.Debug|Any CPU.ActiveCfg = Debug|Any CPU
		{599330B9-082B-4355-8015-77FA8DF78FB1}.Debug|Any CPU.Build.0 = Debug|Any CPU
		{599330B9-082B-4355-8015-77FA8DF78FB1}.Release|Any CPU.ActiveCfg = Release|Any CPU
		{599330B9-082B-4355-8015-77FA8DF78FB1}.Release|Any CPU.Build.0 = Release|Any CPU
		{69DF50A6-9EEF-45A9-93B0-14F81A9315B1}.Debug|Any CPU.ActiveCfg = Debug|Any CPU
		{69DF50A6-9EEF-45A9-93B0-14F81A9315B1}.Debug|Any CPU.Build.0 = Debug|Any CPU
		{69DF50A6-9EEF-45A9-93B0-14F81A9315B1}.Release|Any CPU.ActiveCfg = Release|Any CPU
		{69DF50A6-9EEF-45A9-93B0-14F81A9315B1}.Release|Any CPU.Build.0 = Release|Any CPU
	EndGlobalSection
	GlobalSection(SolutionProperties) = preSolution
		HideSolutionNode = FALSE
	EndGlobalSection
	GlobalSection(NestedProjects) = preSolution
		{80541F63-161F-45CD-9710-CD1EA08F1D67} = {DFD15E93-1095-40B4-AC8D-14FBEF269EA6}
		{6468CBF1-9D41-4231-8814-14491922FECC} = {DFD15E93-1095-40B4-AC8D-14FBEF269EA6}
		{6F974B43-717A-48F3-8EEE-54F5F66391E2} = {DFD15E93-1095-40B4-AC8D-14FBEF269EA6}
		{0484F2ED-8EF3-4C40-8B3A-FE52B5E71AC2} = {DFD15E93-1095-40B4-AC8D-14FBEF269EA6}
		{CE7D2820-3864-405C-BC07-73696661A311} = {DFD15E93-1095-40B4-AC8D-14FBEF269EA6}
		{71ADD9EF-D3AF-4AFE-8427-D10A52BAAF90} = {DFD15E93-1095-40B4-AC8D-14FBEF269EA6}
		{58376273-DA57-4220-8935-6AF4D998C0F4} = {DFD15E93-1095-40B4-AC8D-14FBEF269EA6}
		{D67868C9-56B9-4E35-8E15-C105FC44CFB9} = {DFD15E93-1095-40B4-AC8D-14FBEF269EA6}
		{C77D7436-1CBE-49FF-B8DA-5217041DB3DF} = {23C15990-1273-41D6-89B4-43B764A38C6E}
		{77C03692-9A96-4A33-8E8A-E64057F6C9C3} = {23C15990-1273-41D6-89B4-43B764A38C6E}
		{599330B9-082B-4355-8015-77FA8DF78FB1} = {23C15990-1273-41D6-89B4-43B764A38C6E}
		{69DF50A6-9EEF-45A9-93B0-14F81A9315B1} = {23C15990-1273-41D6-89B4-43B764A38C6E}
	EndGlobalSection
EndGlobal
